
Microsoft Visual Studio Solution File, Format Version 12.00
# Visual Studio Version 16
VisualStudioVersion = 16.0.31729.503
MinimumVisualStudioVersion = 10.0.40219.1
Project("{2150E333-8FDC-42A3-9474-1A3956D46DE8}") = "src", "src", "{2C501187-81DC-4F6F-9FC6-FF4AB2845B98}"
EndProject
Project("{2150E333-8FDC-42A3-9474-1A3956D46DE8}") = "test", "test", "{B8B59F6E-5B8F-4159-B0BD-99F92C41A380}"
EndProject
Project("{2150E333-8FDC-42A3-9474-1A3956D46DE8}") = "core", "core", "{7E7AF9CF-3ECD-428A-9C9A-CE55B9DBB95D}"
EndProject
Project("{2150E333-8FDC-42A3-9474-1A3956D46DE8}") = "infrastructure", "infrastructure", "{04990142-D263-4EBC-BFC5-40ECE48D6D14}"
EndProject
Project("{2150E333-8FDC-42A3-9474-1A3956D46DE8}") = "core", "core", "{857D2653-5AE1-409D-A943-7EE55EA8B20F}"
EndProject
Project("{9A19103F-16F7-4668-BE54-9A1E7A4F7556}") = "Appservice.Test", "test\core\Appservice.Test\Appservice.Test.csproj", "{E8B2B73F-F71F-4DA5-9001-FF586E3D1D2B}"
EndProject
Project("{9A19103F-16F7-4668-BE54-9A1E7A4F7556}") = "TimeLogger.EfRepository", "src\Infrastructure\TimeLogger.EfRepository\TimeLogger.EfRepository.csproj", "{411B309C-9C33-4EA2-A160-9989956E18B1}"
EndProject
Project("{9A19103F-16F7-4668-BE54-9A1E7A4F7556}") = "Appservice", "src\core\Appservice\Appservice.csproj", "{2C8FD9E3-630F-4714-A5B5-329713DC71F0}"
EndProject
Project("{9A19103F-16F7-4668-BE54-9A1E7A4F7556}") = "AppService.Contract", "src\core\AppService.Contract\AppService.Contract.csproj", "{AF1DD646-BDD9-426B-8713-B46710984ED6}"
EndProject
Project("{9A19103F-16F7-4668-BE54-9A1E7A4F7556}") = "DomainService", "src\core\DomainService\DomainService.csproj", "{CAB5A578-B3AD-43FB-B2F2-CEEEAB61DE96}"
EndProject
Project("{9A19103F-16F7-4668-BE54-9A1E7A4F7556}") = "Model", "src\core\Model\Model.csproj", "{E6D343A1-0CB2-4D60-8675-C1D2800EDF89}"
EndProject
Project("{FAE04EC0-301F-11D3-BF4B-00C04F79EFBC}") = "API", "API\API.csproj", "{ECD503F2-D2A8-4B8C-9E15-1FD962009125}"
EndProject
Project("{FAE04EC0-301F-11D3-BF4B-00C04F79EFBC}") = "DomainService.Test", "test\core\DomainService.Test\DomainService.Test.csproj", "{425F862C-7621-4FC5-91BA-C384F6843BDC}"
EndProject
Global
	GlobalSection(SolutionConfigurationPlatforms) = preSolution
		Debug|Any CPU = Debug|Any CPU
		Release|Any CPU = Release|Any CPU
	EndGlobalSection
	GlobalSection(ProjectConfigurationPlatforms) = postSolution
		{E8B2B73F-F71F-4DA5-9001-FF586E3D1D2B}.Debug|Any CPU.ActiveCfg = Debug|Any CPU
		{E8B2B73F-F71F-4DA5-9001-FF586E3D1D2B}.Debug|Any CPU.Build.0 = Debug|Any CPU
		{E8B2B73F-F71F-4DA5-9001-FF586E3D1D2B}.Release|Any CPU.ActiveCfg = Release|Any CPU
		{E8B2B73F-F71F-4DA5-9001-FF586E3D1D2B}.Release|Any CPU.Build.0 = Release|Any CPU
		{411B309C-9C33-4EA2-A160-9989956E18B1}.Debug|Any CPU.ActiveCfg = Debug|Any CPU
		{411B309C-9C33-4EA2-A160-9989956E18B1}.Debug|Any CPU.Build.0 = Debug|Any CPU
		{411B309C-9C33-4EA2-A160-9989956E18B1}.Release|Any CPU.ActiveCfg = Release|Any CPU
		{411B309C-9C33-4EA2-A160-9989956E18B1}.Release|Any CPU.Build.0 = Release|Any CPU
		{2C8FD9E3-630F-4714-A5B5-329713DC71F0}.Debug|Any CPU.ActiveCfg = Debug|Any CPU
		{2C8FD9E3-630F-4714-A5B5-329713DC71F0}.Debug|Any CPU.Build.0 = Debug|Any CPU
		{2C8FD9E3-630F-4714-A5B5-329713DC71F0}.Release|Any CPU.ActiveCfg = Release|Any CPU
		{2C8FD9E3-630F-4714-A5B5-329713DC71F0}.Release|Any CPU.Build.0 = Release|Any CPU
		{AF1DD646-BDD9-426B-8713-B46710984ED6}.Debug|Any CPU.ActiveCfg = Debug|Any CPU
		{AF1DD646-BDD9-426B-8713-B46710984ED6}.Debug|Any CPU.Build.0 = Debug|Any CPU
		{AF1DD646-BDD9-426B-8713-B46710984ED6}.Release|Any CPU.ActiveCfg = Release|Any CPU
		{AF1DD646-BDD9-426B-8713-B46710984ED6}.Release|Any CPU.Build.0 = Release|Any CPU
		{CAB5A578-B3AD-43FB-B2F2-CEEEAB61DE96}.Debug|Any CPU.ActiveCfg = Debug|Any CPU
		{CAB5A578-B3AD-43FB-B2F2-CEEEAB61DE96}.Debug|Any CPU.Build.0 = Debug|Any CPU
		{CAB5A578-B3AD-43FB-B2F2-CEEEAB61DE96}.Release|Any CPU.ActiveCfg = Release|Any CPU
		{CAB5A578-B3AD-43FB-B2F2-CEEEAB61DE96}.Release|Any CPU.Build.0 = Release|Any CPU
		{E6D343A1-0CB2-4D60-8675-C1D2800EDF89}.Debug|Any CPU.ActiveCfg = Debug|Any CPU
		{E6D343A1-0CB2-4D60-8675-C1D2800EDF89}.Debug|Any CPU.Build.0 = Debug|Any CPU
		{E6D343A1-0CB2-4D60-8675-C1D2800EDF89}.Release|Any CPU.ActiveCfg = Release|Any CPU
		{E6D343A1-0CB2-4D60-8675-C1D2800EDF89}.Release|Any CPU.Build.0 = Release|Any CPU
		{ECD503F2-D2A8-4B8C-9E15-1FD962009125}.Debug|Any CPU.ActiveCfg = Debug|Any CPU
		{ECD503F2-D2A8-4B8C-9E15-1FD962009125}.Debug|Any CPU.Build.0 = Debug|Any CPU
		{ECD503F2-D2A8-4B8C-9E15-1FD962009125}.Release|Any CPU.ActiveCfg = Release|Any CPU
		{ECD503F2-D2A8-4B8C-9E15-1FD962009125}.Release|Any CPU.Build.0 = Release|Any CPU
		{425F862C-7621-4FC5-91BA-C384F6843BDC}.Debug|Any CPU.ActiveCfg = Debug|Any CPU
		{425F862C-7621-4FC5-91BA-C384F6843BDC}.Debug|Any CPU.Build.0 = Debug|Any CPU
		{425F862C-7621-4FC5-91BA-C384F6843BDC}.Release|Any CPU.ActiveCfg = Release|Any CPU
		{425F862C-7621-4FC5-91BA-C384F6843BDC}.Release|Any CPU.Build.0 = Release|Any CPU
	EndGlobalSection
	GlobalSection(SolutionProperties) = preSolution
		HideSolutionNode = FALSE
	EndGlobalSection
	GlobalSection(NestedProjects) = preSolution
		{7E7AF9CF-3ECD-428A-9C9A-CE55B9DBB95D} = {2C501187-81DC-4F6F-9FC6-FF4AB2845B98}
		{04990142-D263-4EBC-BFC5-40ECE48D6D14} = {2C501187-81DC-4F6F-9FC6-FF4AB2845B98}
		{857D2653-5AE1-409D-A943-7EE55EA8B20F} = {B8B59F6E-5B8F-4159-B0BD-99F92C41A380}
		{E8B2B73F-F71F-4DA5-9001-FF586E3D1D2B} = {857D2653-5AE1-409D-A943-7EE55EA8B20F}
		{411B309C-9C33-4EA2-A160-9989956E18B1} = {04990142-D263-4EBC-BFC5-40ECE48D6D14}
		{2C8FD9E3-630F-4714-A5B5-329713DC71F0} = {7E7AF9CF-3ECD-428A-9C9A-CE55B9DBB95D}
		{AF1DD646-BDD9-426B-8713-B46710984ED6} = {7E7AF9CF-3ECD-428A-9C9A-CE55B9DBB95D}
		{CAB5A578-B3AD-43FB-B2F2-CEEEAB61DE96} = {7E7AF9CF-3ECD-428A-9C9A-CE55B9DBB95D}
		{E6D343A1-0CB2-4D60-8675-C1D2800EDF89} = {7E7AF9CF-3ECD-428A-9C9A-CE55B9DBB95D}
		{ECD503F2-D2A8-4B8C-9E15-1FD962009125} = {7E7AF9CF-3ECD-428A-9C9A-CE55B9DBB95D}
		{425F862C-7621-4FC5-91BA-C384F6843BDC} = {857D2653-5AE1-409D-A943-7EE55EA8B20F}
	EndGlobalSection
	GlobalSection(ExtensibilityGlobals) = postSolution
		SolutionGuid = {7BA60BB5-3F3F-4E17-AB7B-42C5BD18A522}
	EndGlobalSection
EndGlobal
